
Microsoft Visual Studio Solution File, Format Version 12.00
# Visual Studio 2013
VisualStudioVersion = 12.0.30723.0
MinimumVisualStudioVersion = 10.0.40219.1
Project("{FAE04EC0-301F-11D3-BF4B-00C04F79EFBC}") = "CodeVerifier", "CodeVerifier\CodeVerifier.csproj", "{BB6C99E9-BE22-4D72-A1F2-DFBEE142D9CA}"
EndProject
Project("{FAE04EC0-301F-11D3-BF4B-00C04F79EFBC}") = "CodeVerifier.Tests", "CodeVerifier.Tests\CodeVerifier.Tests.csproj", "{3C1083E3-9C35-4C7A-986F-A2F32C3114EC}"
EndProject
Global
	GlobalSection(SolutionConfigurationPlatforms) = preSolution
		Debug|Any CPU = Debug|Any CPU
		Release|Any CPU = Release|Any CPU
	EndGlobalSection
	GlobalSection(ProjectConfigurationPlatforms) = postSolution
		{BB6C99E9-BE22-4D72-A1F2-DFBEE142D9CA}.Debug|Any CPU.ActiveCfg = Debug|Any CPU
		{BB6C99E9-BE22-4D72-A1F2-DFBEE142D9CA}.Debug|Any CPU.Build.0 = Debug|Any CPU
		{BB6C99E9-BE22-4D72-A1F2-DFBEE142D9CA}.Release|Any CPU.ActiveCfg = Release|Any CPU
		{BB6C99E9-BE22-4D72-A1F2-DFBEE142D9CA}.Release|Any CPU.Build.0 = Release|Any CPU
		{3C1083E3-9C35-4C7A-986F-A2F32C3114EC}.Debug|Any CPU.ActiveCfg = Debug|Any CPU
		{3C1083E3-9C35-4C7A-986F-A2F32C3114EC}.Debug|Any CPU.Build.0 = Debug|Any CPU
		{3C1083E3-9C35-4C7A-986F-A2F32C3114EC}.Release|Any CPU.ActiveCfg = Release|Any CPU
		{3C1083E3-9C35-4C7A-986F-A2F32C3114EC}.Release|Any CPU.Build.0 = Release|Any CPU
	EndGlobalSection
	GlobalSection(SolutionProperties) = preSolution
		HideSolutionNode = FALSE
	EndGlobalSection
EndGlobal
